
Microsoft Visual Studio Solution File, Format Version 12.00
# Visual Studio Version 17
VisualStudioVersion = 17.14.36127.28 d17.14
MinimumVisualStudioVersion = 10.0.40219.1
Project("{FAE04EC0-301F-11D3-BF4B-00C04F79EFBC}") = "KironTestWebAPI", "KironTestWebAPI\KironTestWebAPI.csproj", "{E7D387E4-281E-4121-B6CB-AA5C630A6985}"
EndProject
Global
	GlobalSection(SolutionConfigurationPlatforms) = preSolution
		Debug|Any CPU = Debug|Any CPU
		Release|Any CPU = Release|Any CPU
	EndGlobalSection
	GlobalSection(ProjectConfigurationPlatforms) = postSolution
		{E7D387E4-281E-4121-B6CB-AA5C630A6985}.Debug|Any CPU.ActiveCfg = Debug|Any CPU
		{E7D387E4-281E-4121-B6CB-AA5C630A6985}.Debug|Any CPU.Build.0 = Debug|Any CPU
		{E7D387E4-281E-4121-B6CB-AA5C630A6985}.Release|Any CPU.ActiveCfg = Release|Any CPU
		{E7D387E4-281E-4121-B6CB-AA5C630A6985}.Release|Any CPU.Build.0 = Release|Any CPU
	EndGlobalSection
	GlobalSection(SolutionProperties) = preSolution
		HideSolutionNode = FALSE
	EndGlobalSection
	GlobalSection(ExtensibilityGlobals) = postSolution
		SolutionGuid = {C2D621CC-B72A-424F-ACA8-C5C8D2FB645A}
	EndGlobalSection
EndGlobal
